GEM
  remote: https://rubygems.org/
  specs:
    bigdecimal (3.3.1)
    google-protobuf (4.33.0-arm64-darwin)
      bigdecimal
      rake (>= 13)
    googleapis-common-protos-types (1.22.0)
      google-protobuf (~> 4.26)
    grpc (1.76.0-arm64-darwin)
      google-protobuf (>= 3.25, < 5.0)
      googleapis-common-protos-types (~> 1.0)
    grpc-tools (1.76.0)
    rake (13.3.1)

PLATFORMS
  arm64-darwin-23

DEPENDENCIES
  grpc (~> 1.71)
  grpc-tools (~> 1.71)

RUBY VERSION
   ruby 3.2.9p265

BUNDLED WITH
   2.4.19
